<?xml version="1.0" encoding="utf-8"?>
<Project ToolsVersion="4.0" xmlns="http://schemas.microsoft.com/developer/msbuild/2003">
  <ItemGroup>
    <Filter Include="Source Files">
      <UniqueIdentifier>{4FC737F1-C7A5-4376-A066-2A32D752A2FF}</UniqueIdentifier>
      <Extensions>cpp;c;cc;cxx;c++;cppm;ixx;def;odl;idl;hpj;bat;asm;asmx</Extensions>
    </Filter>
    <Filter Include="Header Files">
      <UniqueIdentifier>{93995380-89BD-4b04-88EB-625FBE52EBFB}</UniqueIdentifier>
      <Extensions>h;hh;hpp;hxx;h++;hm;inl;inc;ipp;xsd</Extensions>
    </Filter>
    <Filter Include="Resource Files">
      <UniqueIdentifier>{67DA6AB6-F800-4c08-8B7A-83BB121AAD01}</UniqueIdentifier>
      <Extensions>rc;ico;cur;bmp;dlg;rc2;rct;bin;rgs;gif;jpg;jpeg;jpe;resx;tiff;tif;png;wav;mfcribbon-ms</Extensions>
    </Filter>
    <Filter Include="Dynamic Audio">
      <UniqueIdentifier>{76247097-4156-496a-8dce-727596f0eac7}</UniqueIdentifier>
    </Filter>
    <Filter Include="Procedural Audio">
      <UniqueIdentifier>{79cbcfce-dd80-458f-a716-5bd1abe1bfd1}</UniqueIdentifier>
    </Filter>
    <Filter Include="SoundEngine">
      <UniqueIdentifier>{77d88cf5-5390-4bd8-94b0-6aa3e1296f3b}</UniqueIdentifier>
    </Filter>
    <Filter Include="SoundEngine\Common">
      <UniqueIdentifier>{b19c191e-54b5-49e4-94f1-3cf39f74d6c8}</UniqueIdentifier>
    </Filter>
    <Filter Include="SoundEngine\Win32">
      <UniqueIdentifier>{625a8d94-1292-40ca-ad25-c734adf1bf0c}</UniqueIdentifier>
    </Filter>
  </ItemGroup>
  <ItemGroup>
    <ClCompile Include="main.cpp">
      <Filter>Source Files</Filter>
    </ClCompile>
    <ClCompile Include="DynamicMain.cpp">
      <Filter>Dynamic Audio</Filter>
    </ClCompile>
    <ClCompile Include="Player.cpp">
      <Filter>Dynamic Audio</Filter>
    </ClCompile>
    <ClCompile Include="Enemy.cpp">
      <Filter>Dynamic Audio</Filter>
    </ClCompile>
    <ClCompile Include="HealthBar.cpp">
      <Filter>Dynamic Audio</Filter>
    </ClCompile>
    <ClCompile Include="WwiseWrapper.cpp">
      <Filter>Source Files</Filter>
    </ClCompile>
    <ClCompile Include="..\SoundEngine\Common\AkDefaultLowLevelIODispatcher.cpp">
      <Filter>SoundEngine\Common</Filter>
    </ClCompile>
    <ClCompile Include="..\SoundEngine\Common\AkFileLocationBase.cpp">
      <Filter>SoundEngine\Common</Filter>
    </ClCompile>
    <ClCompile Include="..\SoundEngine\Common\AkFilePackage.cpp">
      <Filter>SoundEngine\Common</Filter>
    </ClCompile>
    <ClCompile Include="..\SoundEngine\Common\AkFilePackageLUT.cpp">
      <Filter>SoundEngine\Common</Filter>
    </ClCompile>
    <ClCompile Include="..\SoundEngine\Common\AkGeneratedSoundBanksResolver.cpp">
      <Filter>SoundEngine\Common</Filter>
    </ClCompile>
    <ClCompile Include="..\SoundEngine\Common\AkJobWorkerMgr.cpp">
      <Filter>SoundEngine\Common</Filter>
    </ClCompile>
    <ClCompile Include="..\SoundEngine\Common\AkMultipleFileLocation.cpp">
      <Filter>SoundEngine\Common</Filter>
    </ClCompile>
    <ClCompile Include="..\SoundEngine\Win32\AkDefaultIOHookDeferred.cpp">
      <Filter>SoundEngine\Win32</Filter>
    </ClCompile>
    <ClCompile Include="..\SoundEngine\Win32\AkPlatformProfilerHooks.cpp">
      <Filter>SoundEngine\Win32</Filter>
    </ClCompile>
    <ClCompile Include="..\SoundEngine\Win32\stdafx.cpp">
      <Filter>SoundEngine\Win32</Filter>
    </ClCompile>
    <ClCompile Include="MainMenu.cpp">
      <Filter>Source Files</Filter>
    </ClCompile>
    <ClCompile Include="IntensityManager.cpp">
      <Filter>Source Files</Filter>
    </ClCompile>
  </ItemGroup>
  <ItemGroup>
    <ClInclude Include="DynamicMain.h">
      <Filter>Dynamic Audio</Filter>
    </ClInclude>
    <ClInclude Include="Player.h">
      <Filter>Dynamic Audio</Filter>
    </ClInclude>
    <ClInclude Include="Enemy.h">
      <Filter>Dynamic Audio</Filter>
    </ClInclude>
    <ClInclude Include="HealthBar.h">
      <Filter>Dynamic Audio</Filter>
    </ClInclude>
    <ClInclude Include="WwiseWrapper.h">
      <Filter>Source Files</Filter>
    </ClInclude>
    <ClInclude Include="..\SoundEngine\Common\AkDefaultLowLevelIODispatcher.h">
      <Filter>SoundEngine\Common</Filter>
    </ClInclude>
    <ClInclude Include="..\SoundEngine\Common\AkFileHelpersBase.h">
      <Filter>SoundEngine\Common</Filter>
    </ClInclude>
    <ClInclude Include="..\SoundEngine\Common\AkFileLocationBase.h">
      <Filter>SoundEngine\Common</Filter>
    </ClInclude>
    <ClInclude Include="..\SoundEngine\Common\AkFilePackage.h">
      <Filter>SoundEngine\Common</Filter>
    </ClInclude>
    <ClInclude Include="..\SoundEngine\Common\AkFilePackageLowLevelIO.h">
      <Filter>SoundEngine\Common</Filter>
    </ClInclude>
    <ClInclude Include="..\SoundEngine\Common\AkFilePackageLowLevelIODeferred.h">
      <Filter>SoundEngine\Common</Filter>
    </ClInclude>
    <ClInclude Include="..\SoundEngine\Common\AkFilePackageLUT.h">
      <Filter>SoundEngine\Common</Filter>
    </ClInclude>
    <ClInclude Include="..\SoundEngine\Common\AkGeneratedSoundBanksResolver.h">
      <Filter>SoundEngine\Common</Filter>
    </ClInclude>
    <ClInclude Include="..\SoundEngine\Common\AkJobWorkerMgr.h">
      <Filter>SoundEngine\Common</Filter>
    </ClInclude>
    <ClInclude Include="..\SoundEngine\Common\AkMultipleFileLocation.h">
      <Filter>SoundEngine\Common</Filter>
    </ClInclude>
    <ClInclude Include="..\SoundEngine\Common\AkPlatformProfilerHooks.h">
      <Filter>SoundEngine\Common</Filter>
    </ClInclude>
    <ClInclude Include="..\SoundEngine\Win32\AkDefaultIOHookDeferred.h">
      <Filter>SoundEngine\Win32</Filter>
    </ClInclude>
    <ClInclude Include="..\SoundEngine\Win32\AkFileHelpers.h">
      <Filter>SoundEngine\Win32</Filter>
    </ClInclude>
    <ClInclude Include="..\SoundEngine\Win32\stdafx.h">
      <Filter>SoundEngine\Win32</Filter>
    </ClInclude>
    <ClInclude Include="MainMenu.h">
      <Filter>Source Files</Filter>
    </ClInclude>
    <ClInclude Include="IntensityManager.h">
      <Filter>Source Files</Filter>
    </ClInclude>
  </ItemGroup>
  <ItemGroup>
    <None Include="..\SoundEngine\Common\AkFilePackageLowLevelIO.inl">
      <Filter>SoundEngine\Common</Filter>
    </None>
  </ItemGroup>
</Project>