<?xml version="1.0" encoding="utf-8"?>
<Project ToolsVersion="4.0" xmlns="http://schemas.microsoft.com/developer/msbuild/2003">
  <ItemGroup>
    <Filter Include="Source Files">
      <UniqueIdentifier>{4FC737F1-C7A5-4376-A066-2A32D752A2FF}</UniqueIdentifier>
      <Extensions>cpp;c;cc;cxx;c++;cppm;ixx;def;odl;idl;hpj;bat;asm;asmx</Extensions>
    </Filter>
    <Filter Include="Header Files">
      <UniqueIdentifier>{93995380-89BD-4b04-88EB-625FBE52EBFB}</UniqueIdentifier>
      <Extensions>h;hh;hpp;hxx;h++;hm;inl;inc;ipp;xsd</Extensions>
    </Filter>
    <Filter Include="Resource Files">
      <UniqueIdentifier>{67DA6AB6-F800-4c08-8B7A-83BB121AAD01}</UniqueIdentifier>
      <Extensions>rc;ico;cur;bmp;dlg;rc2;rct;bin;rgs;gif;jpg;jpeg;jpe;resx;tiff;tif;png;wav;mfcribbon-ms</Extensions>
    </Filter>
    <Filter Include="Dynamic Audio">
      <UniqueIdentifier>{76247097-4156-496a-8dce-727596f0eac7}</UniqueIdentifier>
    </Filter>
    <Filter Include="Procedural Audio">
      <UniqueIdentifier>{79cbcfce-dd80-458f-a716-5bd1abe1bfd1}</UniqueIdentifier>
    </Filter>
    <Filter Include="Wwise">
      <UniqueIdentifier>{def94382-9afb-444e-8953-0a864a18f35e}</UniqueIdentifier>
    </Filter>
  </ItemGroup>
  <ItemGroup>
    <ClCompile Include="main.cpp">
      <Filter>Source Files</Filter>
    </ClCompile>
    <ClCompile Include="DynamicMain.cpp">
      <Filter>Dynamic Audio</Filter>
    </ClCompile>
    <ClCompile Include="Player.cpp">
      <Filter>Dynamic Audio</Filter>
    </ClCompile>
    <ClCompile Include="Enemy.cpp">
      <Filter>Dynamic Audio</Filter>
    </ClCompile>
    <ClCompile Include="HealthBar.cpp">
      <Filter>Dynamic Audio</Filter>
    </ClCompile>
    <ClCompile Include="..\..\..\..\..\..\..\Program Files (x86)\Audiokinetic\Wwise2024.1.8.8898\SDK\samples\SoundEngine\Common\AkDefaultLowLevelIODispatcher.cpp">
      <Filter>Wwise</Filter>
    </ClCompile>
    <ClCompile Include="..\..\..\..\..\..\..\Program Files (x86)\Audiokinetic\Wwise2024.1.8.8898\SDK\samples\SoundEngine\Common\AkFileLocationBase.cpp">
      <Filter>Wwise</Filter>
    </ClCompile>
    <ClCompile Include="..\..\..\..\..\..\..\Program Files (x86)\Audiokinetic\Wwise2024.1.8.8898\SDK\samples\SoundEngine\Common\AkFilePackage.cpp">
      <Filter>Wwise</Filter>
    </ClCompile>
    <ClCompile Include="..\..\..\..\..\..\..\Program Files (x86)\Audiokinetic\Wwise2024.1.8.8898\SDK\samples\SoundEngine\Common\AkFilePackageLUT.cpp">
      <Filter>Wwise</Filter>
    </ClCompile>
    <ClCompile Include="..\..\..\..\..\..\..\Program Files (x86)\Audiokinetic\Wwise2024.1.8.8898\SDK\samples\SoundEngine\Common\AkGeneratedSoundBanksResolver.cpp">
      <Filter>Wwise</Filter>
    </ClCompile>
    <ClCompile Include="..\..\..\..\..\..\..\Program Files (x86)\Audiokinetic\Wwise2024.1.8.8898\SDK\samples\SoundEngine\Common\AkJobWorkerMgr.cpp">
      <Filter>Wwise</Filter>
    </ClCompile>
    <ClCompile Include="..\..\..\..\..\..\..\Program Files (x86)\Audiokinetic\Wwise2024.1.8.8898\SDK\samples\SoundEngine\Common\AkMultipleFileLocation.cpp">
      <Filter>Wwise</Filter>
    </ClCompile>
    <ClCompile Include="..\..\..\..\..\..\..\Program Files (x86)\Audiokinetic\Wwise2024.1.8.8898\SDK\samples\SoundEngine\Common\AkPlatformProfilerHookStubs.cpp">
      <Filter>Wwise</Filter>
    </ClCompile>
    <ClCompile Include="..\..\..\..\..\..\..\Program Files (x86)\Audiokinetic\Wwise2024.1.8.8898\SDK\samples\SoundEngine\Win32\AkDefaultIOHookDeferred.cpp">
      <Filter>Wwise</Filter>
    </ClCompile>
    <ClCompile Include="..\..\..\..\..\..\..\Program Files (x86)\Audiokinetic\Wwise2024.1.8.8898\SDK\samples\SoundEngine\Win32\AkPlatformProfilerHooks.cpp">
      <Filter>Wwise</Filter>
    </ClCompile>
    <ClCompile Include="..\..\..\..\..\..\..\Program Files (x86)\Audiokinetic\Wwise2024.1.8.8898\SDK\samples\SoundEngine\Win32\stdafx.cpp">
      <Filter>Wwise</Filter>
    </ClCompile>
  </ItemGroup>
  <ItemGroup>
    <ClInclude Include="DynamicMain.h">
      <Filter>Dynamic Audio</Filter>
    </ClInclude>
    <ClInclude Include="Player.h">
      <Filter>Dynamic Audio</Filter>
    </ClInclude>
    <ClInclude Include="Enemy.h">
      <Filter>Dynamic Audio</Filter>
    </ClInclude>
    <ClInclude Include="HealthBar.h">
      <Filter>Dynamic Audio</Filter>
    </ClInclude>
    <ClInclude Include="..\..\..\..\..\..\..\Program Files (x86)\Audiokinetic\Wwise2024.1.8.8898\SDK\samples\SoundEngine\Common\AkDefaultLowLevelIODispatcher.h">
      <Filter>Wwise</Filter>
    </ClInclude>
    <ClInclude Include="..\..\..\..\..\..\..\Program Files (x86)\Audiokinetic\Wwise2024.1.8.8898\SDK\samples\SoundEngine\Common\AkFileHelpersBase.h">
      <Filter>Wwise</Filter>
    </ClInclude>
    <ClInclude Include="..\..\..\..\..\..\..\Program Files (x86)\Audiokinetic\Wwise2024.1.8.8898\SDK\samples\SoundEngine\Common\AkFileLocationBase.h">
      <Filter>Wwise</Filter>
    </ClInclude>
    <ClInclude Include="..\..\..\..\..\..\..\Program Files (x86)\Audiokinetic\Wwise2024.1.8.8898\SDK\samples\SoundEngine\Common\AkFilePackage.h">
      <Filter>Wwise</Filter>
    </ClInclude>
    <ClInclude Include="..\..\..\..\..\..\..\Program Files (x86)\Audiokinetic\Wwise2024.1.8.8898\SDK\samples\SoundEngine\Common\AkFilePackageLowLevelIO.h">
      <Filter>Wwise</Filter>
    </ClInclude>
    <ClInclude Include="..\..\..\..\..\..\..\Program Files (x86)\Audiokinetic\Wwise2024.1.8.8898\SDK\samples\SoundEngine\Common\AkFilePackageLowLevelIODeferred.h">
      <Filter>Wwise</Filter>
    </ClInclude>
    <ClInclude Include="..\..\..\..\..\..\..\Program Files (x86)\Audiokinetic\Wwise2024.1.8.8898\SDK\samples\SoundEngine\Common\AkFilePackageLUT.h">
      <Filter>Wwise</Filter>
    </ClInclude>
    <ClInclude Include="..\..\..\..\..\..\..\Program Files (x86)\Audiokinetic\Wwise2024.1.8.8898\SDK\samples\SoundEngine\Common\AkGeneratedSoundBanksResolver.h">
      <Filter>Wwise</Filter>
    </ClInclude>
    <ClInclude Include="..\..\..\..\..\..\..\Program Files (x86)\Audiokinetic\Wwise2024.1.8.8898\SDK\samples\SoundEngine\Common\AkJobWorkerMgr.h">
      <Filter>Wwise</Filter>
    </ClInclude>
    <ClInclude Include="..\..\..\..\..\..\..\Program Files (x86)\Audiokinetic\Wwise2024.1.8.8898\SDK\samples\SoundEngine\Common\AkMultipleFileLocation.h">
      <Filter>Wwise</Filter>
    </ClInclude>
    <ClInclude Include="..\..\..\..\..\..\..\Program Files (x86)\Audiokinetic\Wwise2024.1.8.8898\SDK\samples\SoundEngine\Common\AkPlatformProfilerHooks.h">
      <Filter>Wwise</Filter>
    </ClInclude>
    <ClInclude Include="..\..\..\..\..\..\..\Program Files (x86)\Audiokinetic\Wwise2024.1.8.8898\SDK\samples\SoundEngine\Win32\AkDefaultIOHookDeferred.h">
      <Filter>Wwise</Filter>
    </ClInclude>
    <ClInclude Include="..\..\..\..\..\..\..\Program Files (x86)\Audiokinetic\Wwise2024.1.8.8898\SDK\samples\SoundEngine\Win32\AkFileHelpers.h">
      <Filter>Wwise</Filter>
    </ClInclude>
    <ClInclude Include="..\..\..\..\..\..\..\Program Files (x86)\Audiokinetic\Wwise2024.1.8.8898\SDK\samples\SoundEngine\Win32\stdafx.h">
      <Filter>Wwise</Filter>
    </ClInclude>
  </ItemGroup>
  <ItemGroup>
    <None Include="..\..\..\..\..\..\..\Program Files (x86)\Audiokinetic\Wwise2024.1.8.8898\SDK\samples\SoundEngine\Common\AkFilePackageLowLevelIO.inl">
      <Filter>Wwise</Filter>
    </None>
  </ItemGroup>
</Project>